
Microsoft Visual Studio Solution File, Format Version 12.00
# Visual Studio Version 17
VisualStudioVersion = 17.8.34309.116
MinimumVisualStudioVersion = 10.0.40219.1
Project("{FAE04EC0-301F-11D3-BF4B-00C04F79EFBC}") = "Review1", "Review1.csproj", "{F654DF81-6646-42B7-808A-A77FA96E0838}"
EndProject
Global
	GlobalSection(SolutionConfigurationPlatforms) = preSolution
		Debug|Any CPU = Debug|Any CPU
		Release|Any CPU = Release|Any CPU
	EndGlobalSection
	GlobalSection(ProjectConfigurationPlatforms) = postSolution
		{F654DF81-6646-42B7-808A-A77FA96E0838}.Debug|Any CPU.ActiveCfg = Debug|Any CPU
		{F654DF81-6646-42B7-808A-A77FA96E0838}.Debug|Any CPU.Build.0 = Debug|Any CPU
		{F654DF81-6646-42B7-808A-A77FA96E0838}.Release|Any CPU.ActiveCfg = Release|Any CPU
		{F654DF81-6646-42B7-808A-A77FA96E0838}.Release|Any CPU.Build.0 = Release|Any CPU
	EndGlobalSection
	GlobalSection(SolutionProperties) = preSolution
		HideSolutionNode = FALSE
	EndGlobalSection
	GlobalSection(ExtensibilityGlobals) = postSolution
		SolutionGuid = {DAD17C72-4011-4483-8988-0B3283D5EDE3}
	EndGlobalSection
EndGlobal
